
Microsoft Visual Studio Solution File, Format Version 12.00
# Visual Studio 15
VisualStudioVersion = 15.0.27703.2026
MinimumVisualStudioVersion = 10.0.40219.1
Project("{FAE04EC0-301F-11D3-BF4B-00C04F79EFBC}") = "DNMPLibrary", "DNMPLibrary\DNMPLibrary.csproj", "{6DEE7EFB-C645-4E50-B6A3-9ACD533E3C10}"
EndProject
Project("{FAE04EC0-301F-11D3-BF4B-00C04F79EFBC}") = "DNMPLibrary.Tests", "DNMPLibrary.Tests\DNMPLibrary.Tests.csproj", "{B86CC5FC-EAC1-4D4A-B942-7CFAEC6CA881}"
EndProject
Global
	GlobalSection(SolutionConfigurationPlatforms) = preSolution
		Debug|Any CPU = Debug|Any CPU
		Release|Any CPU = Release|Any CPU
	EndGlobalSection
	GlobalSection(ProjectConfigurationPlatforms) = postSolution
		{6DEE7EFB-C645-4E50-B6A3-9ACD533E3C10}.Debug|Any CPU.ActiveCfg = Debug|Any CPU
		{6DEE7EFB-C645-4E50-B6A3-9ACD533E3C10}.Debug|Any CPU.Build.0 = Debug|Any CPU
		{6DEE7EFB-C645-4E50-B6A3-9ACD533E3C10}.Release|Any CPU.ActiveCfg = Release|Any CPU
		{6DEE7EFB-C645-4E50-B6A3-9ACD533E3C10}.Release|Any CPU.Build.0 = Release|Any CPU
		{B86CC5FC-EAC1-4D4A-B942-7CFAEC6CA881}.Debug|Any CPU.ActiveCfg = Debug|Any CPU
		{B86CC5FC-EAC1-4D4A-B942-7CFAEC6CA881}.Debug|Any CPU.Build.0 = Debug|Any CPU
		{B86CC5FC-EAC1-4D4A-B942-7CFAEC6CA881}.Release|Any CPU.ActiveCfg = Release|Any CPU
		{B86CC5FC-EAC1-4D4A-B942-7CFAEC6CA881}.Release|Any CPU.Build.0 = Release|Any CPU
	EndGlobalSection
	GlobalSection(SolutionProperties) = preSolution
		HideSolutionNode = FALSE
	EndGlobalSection
	GlobalSection(ExtensibilityGlobals) = postSolution
		SolutionGuid = {6EB4BEAB-AE25-4E75-A6C5-FCE2B660F391}
	EndGlobalSection
EndGlobal
